<?xml version="1.0" encoding="utf-8"?>
<Project ToolsVersion="4.0" xmlns="http://schemas.microsoft.com/developer/msbuild/2003">
  <ItemGroup>
    <Filter Include="Pliki źródłowe">
      <UniqueIdentifier>{4FC737F1-C7A5-4376-A066-2A32D752A2FF}</UniqueIdentifier>
      <Extensions>cpp;c;cc;cxx;c++;cppm;ixx;def;odl;idl;hpj;bat;asm;asmx</Extensions>
    </Filter>
    <Filter Include="Pliki nagłówkowe">
      <UniqueIdentifier>{93995380-89BD-4b04-88EB-625FBE52EBFB}</UniqueIdentifier>
      <Extensions>h;hh;hpp;hxx;h++;hm;inl;inc;ipp;xsd</Extensions>
    </Filter>
    <Filter Include="Pliki zasobów">
      <UniqueIdentifier>{67DA6AB6-F800-4c08-8B7A-83BB121AAD01}</UniqueIdentifier>
      <Extensions>rc;ico;cur;bmp;dlg;rc2;rct;bin;rgs;gif;jpg;jpeg;jpe;resx;tiff;tif;png;wav;mfcribbon-ms</Extensions>
    </Filter>
    <Filter Include="builtins">
      <UniqueIdentifier>{d3762427-8a4e-4ab9-bc2e-3a94eeeaafb6}</UniqueIdentifier>
    </Filter>
  </ItemGroup>
  <ItemGroup>
    <ClCompile Include="source\builtins\Button.cpp">
      <Filter>builtins</Filter>
    </ClCompile>
    <ClCompile Include="source\builtins\Flow.cpp">
      <Filter>builtins</Filter>
    </ClCompile>
    <ClCompile Include="source\builtins\ImageBlock.cpp">
      <Filter>builtins</Filter>
    </ClCompile>
    <ClCompile Include="source\builtins\Label.cpp">
      <Filter>builtins</Filter>
    </ClCompile>
    <ClCompile Include="source\builtins\Layout.cpp">
      <Filter>builtins</Filter>
    </ClCompile>
    <ClCompile Include="source\builtins\Scrollbar.cpp">
      <Filter>builtins</Filter>
    </ClCompile>
    <ClCompile Include="source\builtins\ScrollBlock.cpp">
      <Filter>builtins</Filter>
    </ClCompile>
    <ClCompile Include="source\AOLGuiLibrary.cpp">
      <Filter>Pliki źródłowe</Filter>
    </ClCompile>
    <ClCompile Include="source\Base.cpp">
      <Filter>Pliki źródłowe</Filter>
    </ClCompile>
    <ClCompile Include="source\Block.cpp">
      <Filter>Pliki źródłowe</Filter>
    </ClCompile>
    <ClCompile Include="source\EventHandler.cpp">
      <Filter>Pliki źródłowe</Filter>
    </ClCompile>
    <ClCompile Include="source\Gui.cpp">
      <Filter>Pliki źródłowe</Filter>
    </ClCompile>
    <ClCompile Include="source\GuiGroup.cpp">
      <Filter>Pliki źródłowe</Filter>
    </ClCompile>
    <ClCompile Include="source\builtins\SelectionList.cpp">
      <Filter>builtins</Filter>
    </ClCompile>
    <ClCompile Include="source\GraphicsHandler.cpp">
      <Filter>Pliki źródłowe</Filter>
    </ClCompile>
  </ItemGroup>
  <ItemGroup>
    <None Include="packages.config" />
  </ItemGroup>
  <ItemGroup>
    <ClInclude Include="include\agl\builtins\Button.h">
      <Filter>builtins</Filter>
    </ClInclude>
    <ClInclude Include="include\agl\builtins\Flow.h">
      <Filter>builtins</Filter>
    </ClInclude>
    <ClInclude Include="include\agl\builtins\ImageBlock.h">
      <Filter>builtins</Filter>
    </ClInclude>
    <ClInclude Include="include\agl\builtins\Label.h">
      <Filter>builtins</Filter>
    </ClInclude>
    <ClInclude Include="include\agl\builtins\Layout.h">
      <Filter>builtins</Filter>
    </ClInclude>
    <ClInclude Include="include\agl\builtins\Scrollbar.h">
      <Filter>builtins</Filter>
    </ClInclude>
    <ClInclude Include="include\agl\builtins\ScrollBlock.h">
      <Filter>builtins</Filter>
    </ClInclude>
    <ClInclude Include="include\agl\AOLGuiLibrary.h">
      <Filter>Pliki nagłówkowe</Filter>
    </ClInclude>
    <ClInclude Include="include\agl\Base.h">
      <Filter>Pliki nagłówkowe</Filter>
    </ClInclude>
    <ClInclude Include="include\agl\Block.h">
      <Filter>Pliki nagłówkowe</Filter>
    </ClInclude>
    <ClInclude Include="include\agl\EventHandler.h">
      <Filter>Pliki nagłówkowe</Filter>
    </ClInclude>
    <ClInclude Include="include\agl\events.h">
      <Filter>Pliki nagłówkowe</Filter>
    </ClInclude>
    <ClInclude Include="include\agl\Gui.h">
      <Filter>Pliki nagłówkowe</Filter>
    </ClInclude>
    <ClInclude Include="include\agl\GuiGroup.h">
      <Filter>Pliki nagłówkowe</Filter>
    </ClInclude>
    <ClInclude Include="include\agl\builtins\SelectionList.h">
      <Filter>builtins</Filter>
    </ClInclude>
    <ClInclude Include="include\agl\GraphicsHandler.h">
      <Filter>Pliki nagłówkowe</Filter>
    </ClInclude>
  </ItemGroup>
</Project>