
Microsoft Visual Studio Solution File, Format Version 12.00
# Visual Studio Version 16
VisualStudioVersion = 16.0.30320.27
MinimumVisualStudioVersion = 10.0.40219.1
Project("{8BC9CEB8-8B4A-11D0-8D11-00A0C91BC942}") = "AOL", "AOL\AOL.vcxproj", "{9DAFBFE5-006D-4BD2-810F-081FC0ABAB1B}"
EndProject
Project("{8BC9CEB8-8B4A-11D0-8D11-00A0C91BC942}") = "AOLGuiLibrary", "AOLGuiLibrary\AOLGuiLibrary.vcxproj", "{F97D7B05-9617-4BEF-943C-618AAF2F6253}"
EndProject
Project("{8BC9CEB8-8B4A-11D0-8D11-00A0C91BC942}") = "AOLRenderingToolset", "AOLRenderingToolset\AOLRenderingToolset.vcxproj", "{520E42C1-33BF-42AD-8C45-21D9A9CECB86}"
EndProject
Project("{8BC9CEB8-8B4A-11D0-8D11-00A0C91BC942}") = "AGLAllegro5Backend", "AGLAllegro5Backend\AGLAllegro5Backend.vcxproj", "{8B914A9F-21AE-47C9-A415-71B0A38A408D}"
EndProject
Global
	GlobalSection(SolutionConfigurationPlatforms) = preSolution
		Debug|x64 = Debug|x64
		Debug|x86 = Debug|x86
		Release|x64 = Release|x64
		Release|x86 = Release|x86
	EndGlobalSection
	GlobalSection(ProjectConfigurationPlatforms) = postSolution
		{9DAFBFE5-006D-4BD2-810F-081FC0ABAB1B}.Debug|x64.ActiveCfg = Debug|x64
		{9DAFBFE5-006D-4BD2-810F-081FC0ABAB1B}.Debug|x64.Build.0 = Debug|x64
		{9DAFBFE5-006D-4BD2-810F-081FC0ABAB1B}.Debug|x86.ActiveCfg = Debug|Win32
		{9DAFBFE5-006D-4BD2-810F-081FC0ABAB1B}.Debug|x86.Build.0 = Debug|Win32
		{9DAFBFE5-006D-4BD2-810F-081FC0ABAB1B}.Release|x64.ActiveCfg = Release|x64
		{9DAFBFE5-006D-4BD2-810F-081FC0ABAB1B}.Release|x64.Build.0 = Release|x64
		{9DAFBFE5-006D-4BD2-810F-081FC0ABAB1B}.Release|x86.ActiveCfg = Release|Win32
		{9DAFBFE5-006D-4BD2-810F-081FC0ABAB1B}.Release|x86.Build.0 = Release|Win32
		{F97D7B05-9617-4BEF-943C-618AAF2F6253}.Debug|x64.ActiveCfg = Debug|x64
		{F97D7B05-9617-4BEF-943C-618AAF2F6253}.Debug|x64.Build.0 = Debug|x64
		{F97D7B05-9617-4BEF-943C-618AAF2F6253}.Debug|x86.ActiveCfg = Debug|Win32
		{F97D7B05-9617-4BEF-943C-618AAF2F6253}.Debug|x86.Build.0 = Debug|Win32
		{F97D7B05-9617-4BEF-943C-618AAF2F6253}.Release|x64.ActiveCfg = Release|x64
		{F97D7B05-9617-4BEF-943C-618AAF2F6253}.Release|x64.Build.0 = Release|x64
		{F97D7B05-9617-4BEF-943C-618AAF2F6253}.Release|x86.ActiveCfg = Release|Win32
		{F97D7B05-9617-4BEF-943C-618AAF2F6253}.Release|x86.Build.0 = Release|Win32
		{520E42C1-33BF-42AD-8C45-21D9A9CECB86}.Debug|x64.ActiveCfg = Debug|x64
		{520E42C1-33BF-42AD-8C45-21D9A9CECB86}.Debug|x64.Build.0 = Debug|x64
		{520E42C1-33BF-42AD-8C45-21D9A9CECB86}.Debug|x86.ActiveCfg = Debug|Win32
		{520E42C1-33BF-42AD-8C45-21D9A9CECB86}.Debug|x86.Build.0 = Debug|Win32
		{520E42C1-33BF-42AD-8C45-21D9A9CECB86}.Release|x64.ActiveCfg = Release|x64
		{520E42C1-33BF-42AD-8C45-21D9A9CECB86}.Release|x64.Build.0 = Release|x64
		{520E42C1-33BF-42AD-8C45-21D9A9CECB86}.Release|x86.ActiveCfg = Release|Win32
		{520E42C1-33BF-42AD-8C45-21D9A9CECB86}.Release|x86.Build.0 = Release|Win32
		{8B914A9F-21AE-47C9-A415-71B0A38A408D}.Debug|x64.ActiveCfg = Debug|x64
		{8B914A9F-21AE-47C9-A415-71B0A38A408D}.Debug|x64.Build.0 = Debug|x64
		{8B914A9F-21AE-47C9-A415-71B0A38A408D}.Debug|x86.ActiveCfg = Debug|Win32
		{8B914A9F-21AE-47C9-A415-71B0A38A408D}.Debug|x86.Build.0 = Debug|Win32
		{8B914A9F-21AE-47C9-A415-71B0A38A408D}.Release|x64.ActiveCfg = Release|x64
		{8B914A9F-21AE-47C9-A415-71B0A38A408D}.Release|x64.Build.0 = Release|x64
		{8B914A9F-21AE-47C9-A415-71B0A38A408D}.Release|x86.ActiveCfg = Release|Win32
		{8B914A9F-21AE-47C9-A415-71B0A38A408D}.Release|x86.Build.0 = Release|Win32
	EndGlobalSection
	GlobalSection(SolutionProperties) = preSolution
		HideSolutionNode = FALSE
	EndGlobalSection
	GlobalSection(ExtensibilityGlobals) = postSolution
		SolutionGuid = {B15A9233-B990-4096-AD43-E5CFDB964A66}
	EndGlobalSection
EndGlobal
