<?xml version="1.0" encoding="utf-8"?>
<Project ToolsVersion="4.0" xmlns="http://schemas.microsoft.com/developer/msbuild/2003">
  <ItemGroup>
    <Filter Include="Pliki źródłowe">
      <UniqueIdentifier>{4FC737F1-C7A5-4376-A066-2A32D752A2FF}</UniqueIdentifier>
      <Extensions>cpp;c;cc;cxx;c++;def;odl;idl;hpj;bat;asm;asmx</Extensions>
    </Filter>
    <Filter Include="Pliki nagłówkowe">
      <UniqueIdentifier>{93995380-89BD-4b04-88EB-625FBE52EBFB}</UniqueIdentifier>
      <Extensions>h;hh;hpp;hxx;h++;hm;inl;inc;ipp;xsd</Extensions>
    </Filter>
    <Filter Include="Pliki zasobów">
      <UniqueIdentifier>{67DA6AB6-F800-4c08-8B7A-83BB121AAD01}</UniqueIdentifier>
      <Extensions>rc;ico;cur;bmp;dlg;rc2;rct;bin;rgs;gif;jpg;jpeg;jpe;resx;tiff;tif;png;wav;mfcribbon-ms</Extensions>
    </Filter>
    <Filter Include="Lua API">
      <UniqueIdentifier>{e37960d3-782b-481c-a77a-f2bf926122d7}</UniqueIdentifier>
    </Filter>
    <Filter Include="Prototypes">
      <UniqueIdentifier>{b03bdde8-a976-4abb-8338-6acea1a553f2}</UniqueIdentifier>
    </Filter>
    <Filter Include="Prototypes\Prototype">
      <UniqueIdentifier>{44c9776b-56ad-4739-aefd-7d191d1fd79b}</UniqueIdentifier>
    </Filter>
    <Filter Include="Prototypes\Prototype\BasePrototype">
      <UniqueIdentifier>{f3b528e4-c352-4f60-ab9c-92a91770725f}</UniqueIdentifier>
    </Filter>
  </ItemGroup>
  <ItemGroup>
    <None Include="packages.config" />
  </ItemGroup>
  <ItemGroup>
    <ClCompile Include="main.cpp">
      <Filter>Pliki źródłowe</Filter>
    </ClCompile>
    <ClCompile Include="createguis.cpp">
      <Filter>Pliki źródłowe</Filter>
    </ClCompile>
    <ClCompile Include="gui.cpp">
      <Filter>Pliki źródłowe</Filter>
    </ClCompile>
    <ClCompile Include="App.cpp">
      <Filter>Pliki źródłowe</Filter>
    </ClCompile>
    <ClCompile Include="LuaSettings.cpp">
      <Filter>Pliki źródłowe</Filter>
    </ClCompile>
    <ClCompile Include="LuaModLoader.cpp">
      <Filter>Pliki źródłowe</Filter>
    </ClCompile>
    <ClCompile Include="Settings.cpp">
      <Filter>Pliki źródłowe</Filter>
    </ClCompile>
    <ClCompile Include="lua_fn.cpp">
      <Filter>Pliki źródłowe</Filter>
    </ClCompile>
    <ClCompile Include="SettingPrototype.cpp">
      <Filter>Pliki źródłowe</Filter>
    </ClCompile>
  </ItemGroup>
  <ItemGroup>
    <ClInclude Include="allegrolib.h">
      <Filter>Pliki nagłówkowe</Filter>
    </ClInclude>
    <ClInclude Include="gui.h">
      <Filter>Pliki nagłówkowe</Filter>
    </ClInclude>
    <ClInclude Include="LuaSettings.h">
      <Filter>Lua API</Filter>
    </ClInclude>
    <ClInclude Include="LuaModLoader.h">
      <Filter>Lua API</Filter>
    </ClInclude>
    <ClInclude Include="Prototype.h">
      <Filter>Prototypes</Filter>
    </ClInclude>
    <ClInclude Include="BasePrototype.h">
      <Filter>Prototypes\Prototype</Filter>
    </ClInclude>
    <ClInclude Include="SettingPrototype.h">
      <Filter>Prototypes\Prototype\BasePrototype</Filter>
    </ClInclude>
    <ClInclude Include="App.h">
      <Filter>Pliki nagłówkowe</Filter>
    </ClInclude>
    <ClInclude Include="lua_.hpp">
      <Filter>Lua API</Filter>
    </ClInclude>
    <ClInclude Include="Settings.h">
      <Filter>Pliki nagłówkowe</Filter>
    </ClInclude>
    <ClInclude Include="lua_fn.h">
      <Filter>Lua API</Filter>
    </ClInclude>
  </ItemGroup>
  <ItemGroup>
    <Text Include="helpme.md">
      <Filter>Pliki zasobów</Filter>
    </Text>
  </ItemGroup>
</Project>