<?xml version="1.0" encoding="utf-8"?>
<Project ToolsVersion="4.0" xmlns="http://schemas.microsoft.com/developer/msbuild/2003">
  <ItemGroup>
    <Filter Include="Pliki źródłowe">
      <UniqueIdentifier>{4FC737F1-C7A5-4376-A066-2A32D752A2FF}</UniqueIdentifier>
      <Extensions>cpp;c;cc;cxx;c++;def;odl;idl;hpj;bat;asm;asmx</Extensions>
    </Filter>
    <Filter Include="Pliki nagłówkowe">
      <UniqueIdentifier>{93995380-89BD-4b04-88EB-625FBE52EBFB}</UniqueIdentifier>
      <Extensions>h;hh;hpp;hxx;h++;hm;inl;inc;ipp;xsd</Extensions>
    </Filter>
    <Filter Include="Pliki zasobów">
      <UniqueIdentifier>{67DA6AB6-F800-4c08-8B7A-83BB121AAD01}</UniqueIdentifier>
      <Extensions>rc;ico;cur;bmp;dlg;rc2;rct;bin;rgs;gif;jpg;jpeg;jpe;resx;tiff;tif;png;wav;mfcribbon-ms</Extensions>
    </Filter>
    <Filter Include="Lua API">
      <UniqueIdentifier>{e37960d3-782b-481c-a77a-f2bf926122d7}</UniqueIdentifier>
    </Filter>
    <Filter Include="Builtins">
      <UniqueIdentifier>{23fed5bd-b2f8-4e5e-a56c-ccea45e342c5}</UniqueIdentifier>
    </Filter>
    <Filter Include="BuiltinsImplementation">
      <UniqueIdentifier>{295db1b7-b9fc-4d3c-8e0d-44326d51cc53}</UniqueIdentifier>
    </Filter>
    <Filter Include="BuiltinsImplementation\GameObject">
      <UniqueIdentifier>{687d5257-6f7b-44cb-856c-087915f2a84c}</UniqueIdentifier>
    </Filter>
    <Filter Include="Builtins\GameObject">
      <UniqueIdentifier>{c2cb0329-8dea-4af8-80fc-e7a98321b026}</UniqueIdentifier>
    </Filter>
    <Filter Include="Events">
      <UniqueIdentifier>{23f86720-447d-468e-89dd-4bc2db4bdd51}</UniqueIdentifier>
    </Filter>
  </ItemGroup>
  <ItemGroup>
    <None Include="packages.config" />
  </ItemGroup>
  <ItemGroup>
    <ClCompile Include="main.cpp">
      <Filter>Pliki źródłowe</Filter>
    </ClCompile>
    <ClCompile Include="createguis.cpp">
      <Filter>Pliki źródłowe</Filter>
    </ClCompile>
    <ClCompile Include="gui.cpp">
      <Filter>Pliki źródłowe</Filter>
    </ClCompile>
    <ClCompile Include="App.cpp">
      <Filter>Pliki źródłowe</Filter>
    </ClCompile>
    <ClCompile Include="LuaModLoader.cpp">
      <Filter>Pliki źródłowe</Filter>
    </ClCompile>
    <ClCompile Include="lua_fn.cpp">
      <Filter>Pliki źródłowe</Filter>
    </ClCompile>
    <ClCompile Include="builtins\GameObject.cpp">
      <Filter>BuiltinsImplementation</Filter>
    </ClCompile>
    <ClCompile Include="builtins\Setting.cpp">
      <Filter>BuiltinsImplementation\GameObject</Filter>
    </ClCompile>
    <ClCompile Include="LuaStorage.cpp">
      <Filter>Pliki źródłowe</Filter>
    </ClCompile>
    <ClCompile Include="Storage.cpp">
      <Filter>Pliki źródłowe</Filter>
    </ClCompile>
    <ClCompile Include="LuaSaveSystem.cpp">
      <Filter>Pliki źródłowe</Filter>
    </ClCompile>
    <ClCompile Include="LuaModExecutor.cpp">
      <Filter>Pliki źródłowe</Filter>
    </ClCompile>
    <ClCompile Include="Game.cpp">
      <Filter>Pliki źródłowe</Filter>
    </ClCompile>
    <ClCompile Include="LuaRemote.cpp">
      <Filter>Pliki źródłowe</Filter>
    </ClCompile>
    <ClCompile Include="LuaEventHandler.cpp">
      <Filter>Pliki źródłowe</Filter>
    </ClCompile>
    <ClCompile Include="LuaModule.cpp">
      <Filter>Pliki źródłowe</Filter>
    </ClCompile>
    <ClCompile Include="events\GameEvent.cpp">
      <Filter>Events</Filter>
    </ClCompile>
    <ClCompile Include="LuaGameScript.cpp">
      <Filter>Pliki źródłowe</Filter>
    </ClCompile>
    <ClCompile Include="confvers.cpp">
      <Filter>Pliki źródłowe</Filter>
    </ClCompile>
  </ItemGroup>
  <ItemGroup>
    <ClInclude Include="allegrolib.h">
      <Filter>Pliki nagłówkowe</Filter>
    </ClInclude>
    <ClInclude Include="gui.h">
      <Filter>Pliki nagłówkowe</Filter>
    </ClInclude>
    <ClInclude Include="LuaModLoader.h">
      <Filter>Lua API</Filter>
    </ClInclude>
    <ClInclude Include="App.h">
      <Filter>Pliki nagłówkowe</Filter>
    </ClInclude>
    <ClInclude Include="lua_.hpp">
      <Filter>Lua API</Filter>
    </ClInclude>
    <ClInclude Include="lua_fn.h">
      <Filter>Lua API</Filter>
    </ClInclude>
    <ClInclude Include="builtins\GameObject.h">
      <Filter>Builtins</Filter>
    </ClInclude>
    <ClInclude Include="builtins\builtins.h">
      <Filter>Builtins</Filter>
    </ClInclude>
    <ClInclude Include="builtins\Setting.h">
      <Filter>Builtins\GameObject</Filter>
    </ClInclude>
    <ClInclude Include="LuaStorage.h">
      <Filter>Lua API</Filter>
    </ClInclude>
    <ClInclude Include="Storage.h">
      <Filter>Pliki nagłówkowe</Filter>
    </ClInclude>
    <ClInclude Include="LuaSaveSystem.h">
      <Filter>Lua API</Filter>
    </ClInclude>
    <ClInclude Include="LoaderStage.h">
      <Filter>Lua API</Filter>
    </ClInclude>
    <ClInclude Include="LuaModExecutor.h">
      <Filter>Lua API</Filter>
    </ClInclude>
    <ClInclude Include="LuaRemote.h">
      <Filter>Lua API</Filter>
    </ClInclude>
    <ClInclude Include="LuaEventHandler.h">
      <Filter>Lua API</Filter>
    </ClInclude>
    <ClInclude Include="LuaGameScript.h">
      <Filter>Lua API</Filter>
    </ClInclude>
    <ClInclude Include="Game.h">
      <Filter>Pliki nagłówkowe</Filter>
    </ClInclude>
    <ClInclude Include="LuaModule.h">
      <Filter>Lua API</Filter>
    </ClInclude>
    <ClInclude Include="events\GameEvent.h">
      <Filter>Events</Filter>
    </ClInclude>
    <ClInclude Include="confvers.h">
      <Filter>Pliki nagłówkowe</Filter>
    </ClInclude>
  </ItemGroup>
  <ItemGroup>
    <Text Include="helpme.md">
      <Filter>Pliki zasobów</Filter>
    </Text>
  </ItemGroup>
</Project>